
Microsoft Visual Studio Solution File, Format Version 12.00
# Visual Studio Version 16
VisualStudioVersion = 16.0.29806.167
MinimumVisualStudioVersion = 10.0.40219.1
Project("{FAE04EC0-301F-11D3-BF4B-00C04F79EFBC}") = "Bucle While 1", "Bucle While 1.csproj", "{C241F859-582D-4111-96F8-403FA2C870A1}"
EndProject
Global
	GlobalSection(SolutionConfigurationPlatforms) = preSolution
		Debug|Any CPU = Debug|Any CPU
		Release|Any CPU = Release|Any CPU
	EndGlobalSection
	GlobalSection(ProjectConfigurationPlatforms) = postSolution
		{C241F859-582D-4111-96F8-403FA2C870A1}.Debug|Any CPU.ActiveCfg = Debug|Any CPU
		{C241F859-582D-4111-96F8-403FA2C870A1}.Debug|Any CPU.Build.0 = Debug|Any CPU
		{C241F859-582D-4111-96F8-403FA2C870A1}.Release|Any CPU.ActiveCfg = Release|Any CPU
		{C241F859-582D-4111-96F8-403FA2C870A1}.Release|Any CPU.Build.0 = Release|Any CPU
	EndGlobalSection
	GlobalSection(SolutionProperties) = preSolution
		HideSolutionNode = FALSE
	EndGlobalSection
	GlobalSection(ExtensibilityGlobals) = postSolution
		SolutionGuid = {1CCEF94B-C0A5-4139-84C1-D04E62848B27}
	EndGlobalSection
EndGlobal
